{
  "name": "test-layer",
  "version": "0.0.1",
  "lockfileVersion": 1,
  "requires": true,
  "dependencies": {
    "@test-layer/package1": {
      "version": "file:package1"
    },
    "@test-layer/package2": {
      "version": "file:package2"
    },
    "@test-layer/package3": {
      "version": "file:package3"
    },
    "lodash": {
      "version": "4.17.15",
      "resolved": "https://registry.npmjs.org/lodash/-/lodash-4.17.15.tgz",
      "integrity": "sha512-8xOcRHvCjnocdS5cpwXQXVzmmh5e5+saE2QGoeQmbKmRS6J3VQppPOIt0MnmE+4xlZoumy0GPG0D0MVIQbNA1A=="
    }
  }
}
